
Microsoft Visual Studio Solution File, Format Version 12.00
# Visual Studio 15
VisualStudioVersion = 15.0.27428.2037
MinimumVisualStudioVersion = 10.0.40219.1
Project("{FAE04EC0-301F-11D3-BF4B-00C04F79EFBC}") = "Arma3Net-Mysql", "Arma3Net-Mysql\Arma3Net-Mysql.csproj", "{A8F11B93-2648-415B-9A34-D26FB20DD91E}"
EndProject
Global
	GlobalSection(SolutionConfigurationPlatforms) = preSolution
		Debug|Any CPU = Debug|Any CPU
		Release|Any CPU = Release|Any CPU
	EndGlobalSection
	GlobalSection(ProjectConfigurationPlatforms) = postSolution
		{A8F11B93-2648-415B-9A34-D26FB20DD91E}.Debug|Any CPU.ActiveCfg = Debug|Any CPU
		{A8F11B93-2648-415B-9A34-D26FB20DD91E}.Debug|Any CPU.Build.0 = Debug|Any CPU
		{A8F11B93-2648-415B-9A34-D26FB20DD91E}.Release|Any CPU.ActiveCfg = Release|Any CPU
		{A8F11B93-2648-415B-9A34-D26FB20DD91E}.Release|Any CPU.Build.0 = Release|Any CPU
	EndGlobalSection
	GlobalSection(SolutionProperties) = preSolution
		HideSolutionNode = FALSE
	EndGlobalSection
	GlobalSection(ExtensibilityGlobals) = postSolution
		SolutionGuid = {EF378F35-0BBE-4063-BA93-EAA18EC52131}
	EndGlobalSection
EndGlobal
